
Microsoft Visual Studio Solution File, Format Version 12.00
# Visual Studio 15
VisualStudioVersion = 15.0.27130.2027
MinimumVisualStudioVersion = 10.0.40219.1
Project("{8BC9CEB8-8B4A-11D0-8D11-00A0C91BC942}") = "Guibari.Gui", "Guibari.Gui\Guibari.Gui.vcxproj", "{7AE57CBC-73CD-4C81-8579-F88EB9BD5F3F}"
EndProject
Project("{8BC9CEB8-8B4A-11D0-8D11-00A0C91BC942}") = "Guibari.Logger", "Guibari.Logger\Guibari.Logger.vcxproj", "{A69995A1-B19D-4B84-AFA7-0ED5D1A83A28}"
EndProject
Project("{8BC9CEB8-8B4A-11D0-8D11-00A0C91BC942}") = "Guibari.Config", "Guibari.Config\Guibari.Config.vcxproj", "{930FD401-353D-44FB-A3E1-BA605234B898}"
EndProject
Project("{8BC9CEB8-8B4A-11D0-8D11-00A0C91BC942}") = "Guibari.Plugins", "Guibari.Plugins\Guibari.Plugins.vcxproj", "{54DDE0F5-40AC-4475-A0ED-5AE3CCA96F83}"
EndProject
Project("{8BC9CEB8-8B4A-11D0-8D11-00A0C91BC942}") = "Guibari.Core", "Guibari.Core\Guibari.Core.vcxproj", "{9D4B7234-9A8C-49AE-9829-2AE55766CA86}"
EndProject
Project("{8BC9CEB8-8B4A-11D0-8D11-00A0C91BC942}") = "Guibari", "Guibari\Guibari.vcxproj", "{40249CDC-2A3B-44BA-8070-D77FAEFE3A56}"
EndProject
Global
	GlobalSection(SolutionConfigurationPlatforms) = preSolution
		Debug|x64 = Debug|x64
		Debug|x86 = Debug|x86
		Release|x64 = Release|x64
		Release|x86 = Release|x86
	EndGlobalSection
	GlobalSection(ProjectConfigurationPlatforms) = postSolution
		{7AE57CBC-73CD-4C81-8579-F88EB9BD5F3F}.Debug|x64.ActiveCfg = Debug|x64
		{7AE57CBC-73CD-4C81-8579-F88EB9BD5F3F}.Debug|x64.Build.0 = Debug|x64
		{7AE57CBC-73CD-4C81-8579-F88EB9BD5F3F}.Debug|x86.ActiveCfg = Debug|Win32
		{7AE57CBC-73CD-4C81-8579-F88EB9BD5F3F}.Debug|x86.Build.0 = Debug|Win32
		{7AE57CBC-73CD-4C81-8579-F88EB9BD5F3F}.Release|x64.ActiveCfg = Release|x64
		{7AE57CBC-73CD-4C81-8579-F88EB9BD5F3F}.Release|x64.Build.0 = Release|x64
		{7AE57CBC-73CD-4C81-8579-F88EB9BD5F3F}.Release|x86.ActiveCfg = Release|Win32
		{7AE57CBC-73CD-4C81-8579-F88EB9BD5F3F}.Release|x86.Build.0 = Release|Win32
		{A69995A1-B19D-4B84-AFA7-0ED5D1A83A28}.Debug|x64.ActiveCfg = Debug|x64
		{A69995A1-B19D-4B84-AFA7-0ED5D1A83A28}.Debug|x64.Build.0 = Debug|x64
		{A69995A1-B19D-4B84-AFA7-0ED5D1A83A28}.Debug|x86.ActiveCfg = Debug|Win32
		{A69995A1-B19D-4B84-AFA7-0ED5D1A83A28}.Debug|x86.Build.0 = Debug|Win32
		{A69995A1-B19D-4B84-AFA7-0ED5D1A83A28}.Release|x64.ActiveCfg = Release|x64
		{A69995A1-B19D-4B84-AFA7-0ED5D1A83A28}.Release|x64.Build.0 = Release|x64
		{A69995A1-B19D-4B84-AFA7-0ED5D1A83A28}.Release|x86.ActiveCfg = Release|Win32
		{A69995A1-B19D-4B84-AFA7-0ED5D1A83A28}.Release|x86.Build.0 = Release|Win32
		{930FD401-353D-44FB-A3E1-BA605234B898}.Debug|x64.ActiveCfg = Debug|x64
		{930FD401-353D-44FB-A3E1-BA605234B898}.Debug|x64.Build.0 = Debug|x64
		{930FD401-353D-44FB-A3E1-BA605234B898}.Debug|x86.ActiveCfg = Debug|Win32
		{930FD401-353D-44FB-A3E1-BA605234B898}.Debug|x86.Build.0 = Debug|Win32
		{930FD401-353D-44FB-A3E1-BA605234B898}.Release|x64.ActiveCfg = Release|x64
		{930FD401-353D-44FB-A3E1-BA605234B898}.Release|x64.Build.0 = Release|x64
		{930FD401-353D-44FB-A3E1-BA605234B898}.Release|x86.ActiveCfg = Release|Win32
		{930FD401-353D-44FB-A3E1-BA605234B898}.Release|x86.Build.0 = Release|Win32
		{54DDE0F5-40AC-4475-A0ED-5AE3CCA96F83}.Debug|x64.ActiveCfg = Debug|x64
		{54DDE0F5-40AC-4475-A0ED-5AE3CCA96F83}.Debug|x64.Build.0 = Debug|x64
		{54DDE0F5-40AC-4475-A0ED-5AE3CCA96F83}.Debug|x86.ActiveCfg = Debug|Win32
		{54DDE0F5-40AC-4475-A0ED-5AE3CCA96F83}.Debug|x86.Build.0 = Debug|Win32
		{54DDE0F5-40AC-4475-A0ED-5AE3CCA96F83}.Release|x64.ActiveCfg = Release|x64
		{54DDE0F5-40AC-4475-A0ED-5AE3CCA96F83}.Release|x64.Build.0 = Release|x64
		{54DDE0F5-40AC-4475-A0ED-5AE3CCA96F83}.Release|x86.ActiveCfg = Release|Win32
		{54DDE0F5-40AC-4475-A0ED-5AE3CCA96F83}.Release|x86.Build.0 = Release|Win32
		{9D4B7234-9A8C-49AE-9829-2AE55766CA86}.Debug|x64.ActiveCfg = Debug|x64
		{9D4B7234-9A8C-49AE-9829-2AE55766CA86}.Debug|x64.Build.0 = Debug|x64
		{9D4B7234-9A8C-49AE-9829-2AE55766CA86}.Debug|x86.ActiveCfg = Debug|Win32
		{9D4B7234-9A8C-49AE-9829-2AE55766CA86}.Debug|x86.Build.0 = Debug|Win32
		{9D4B7234-9A8C-49AE-9829-2AE55766CA86}.Release|x64.ActiveCfg = Release|x64
		{9D4B7234-9A8C-49AE-9829-2AE55766CA86}.Release|x64.Build.0 = Release|x64
		{9D4B7234-9A8C-49AE-9829-2AE55766CA86}.Release|x86.ActiveCfg = Release|Win32
		{9D4B7234-9A8C-49AE-9829-2AE55766CA86}.Release|x86.Build.0 = Release|Win32
		{40249CDC-2A3B-44BA-8070-D77FAEFE3A56}.Debug|x64.ActiveCfg = Debug|x64
		{40249CDC-2A3B-44BA-8070-D77FAEFE3A56}.Debug|x64.Build.0 = Debug|x64
		{40249CDC-2A3B-44BA-8070-D77FAEFE3A56}.Debug|x86.ActiveCfg = Debug|Win32
		{40249CDC-2A3B-44BA-8070-D77FAEFE3A56}.Debug|x86.Build.0 = Debug|Win32
		{40249CDC-2A3B-44BA-8070-D77FAEFE3A56}.Release|x64.ActiveCfg = Release|x64
		{40249CDC-2A3B-44BA-8070-D77FAEFE3A56}.Release|x64.Build.0 = Release|x64
		{40249CDC-2A3B-44BA-8070-D77FAEFE3A56}.Release|x86.ActiveCfg = Release|Win32
		{40249CDC-2A3B-44BA-8070-D77FAEFE3A56}.Release|x86.Build.0 = Release|Win32
	EndGlobalSection
	GlobalSection(SolutionProperties) = preSolution
		HideSolutionNode = FALSE
	EndGlobalSection
	GlobalSection(ExtensibilityGlobals) = postSolution
		SolutionGuid = {92FD3B0D-6358-41B6-9526-895C14713EE9}
	EndGlobalSection
EndGlobal
