<?xml version="1.0" encoding="utf-8"?>
<Project ToolsVersion="4.0" xmlns="http://schemas.microsoft.com/developer/msbuild/2003">
  <ItemGroup>
    <Filter Include="Source Files">
      <UniqueIdentifier>{4FC737F1-C7A5-4376-A066-2A32D752A2FF}</UniqueIdentifier>
      <Extensions>cpp;c;cc;cxx;def;odl;idl;hpj;bat;asm;asmx</Extensions>
    </Filter>
    <Filter Include="Header Files">
      <UniqueIdentifier>{93995380-89BD-4b04-88EB-625FBE52EBFB}</UniqueIdentifier>
      <Extensions>h;hh;hpp;hxx;hm;inl;inc;xsd</Extensions>
    </Filter>
    <Filter Include="Resource Files">
      <UniqueIdentifier>{67DA6AB6-F800-4c08-8B7A-83BB121AAD01}</UniqueIdentifier>
      <Extensions>rc;ico;cur;bmp;dlg;rc2;rct;bin;rgs;gif;jpg;jpeg;jpe;resx;tiff;tif;png;wav;mfcribbon-ms</Extensions>
    </Filter>
  </ItemGroup>
  <ItemGroup>
    <Text Include="imgui\LICENSE.txt" />
    <Text Include="imgui\TODO.txt" />
  </ItemGroup>
  <ItemGroup>
    <ClCompile Include="imgui\Source\imgui.cpp">
      <Filter>Source Files</Filter>
    </ClCompile>
    <ClCompile Include="imgui\Source\imgui_demo.cpp">
      <Filter>Source Files</Filter>
    </ClCompile>
    <ClCompile Include="imgui\Source\imgui_draw.cpp">
      <Filter>Source Files</Filter>
    </ClCompile>
    <ClCompile Include="Main\Logger\Source\startlogger.cpp">
      <Filter>Source Files</Filter>
    </ClCompile>
    <ClCompile Include="Main\pregui\Source\startup.cpp">
      <Filter>Source Files</Filter>
    </ClCompile>
    <ClCompile Include="Externalinfo\IO\Source\config_file_IO.cpp">
      <Filter>Source Files</Filter>
    </ClCompile>
    <ClCompile Include="Externalinfo\IO\Source\Logger_IO.cpp">
      <Filter>Source Files</Filter>
    </ClCompile>
    <ClCompile Include="Config\config_ex.cpp">
      <Filter>Source Files</Filter>
    </ClCompile>
    <ClCompile Include="Main\Logger\Logger_ex.cpp">
      <Filter>Source Files</Filter>
    </ClCompile>
    <ClCompile Include="Main\pregui\pregui_ex.cpp">
      <Filter>Source Files</Filter>
    </ClCompile>
    <ClCompile Include="Config\Profiler\profiler_ex.cpp">
      <Filter>Source Files</Filter>
    </ClCompile>
    <ClCompile Include="Config\Setup\setup_ex.cpp">
      <Filter>Source Files</Filter>
    </ClCompile>
    <ClCompile Include="Externalinfo\IO\IO_ex.cpp">
      <Filter>Source Files</Filter>
    </ClCompile>
    <ClCompile Include="Main\gui\maingui.cpp">
      <Filter>Source Files</Filter>
    </ClCompile>
    <ClCompile Include="Main\main_ex.cpp">
      <Filter>Source Files</Filter>
    </ClCompile>
    <ClCompile Include="Config\Profiler\gui\profiler_gui.cpp">
      <Filter>Source Files</Filter>
    </ClCompile>
    <ClCompile Include="Config\Setup\gui\setup_gui.cpp">
      <Filter>Source Files</Filter>
    </ClCompile>
  </ItemGroup>
  <ItemGroup>
    <ClInclude Include="imgui\Headers\imconfig.h">
      <Filter>Header Files</Filter>
    </ClInclude>
    <ClInclude Include="imgui\Headers\imgui.h">
      <Filter>Header Files</Filter>
    </ClInclude>
    <ClInclude Include="imgui\Headers\imgui_internal.h">
      <Filter>Header Files</Filter>
    </ClInclude>
    <ClInclude Include="imgui\Headers\stb_rect_pack.h">
      <Filter>Header Files</Filter>
    </ClInclude>
    <ClInclude Include="imgui\Headers\stb_textedit.h">
      <Filter>Header Files</Filter>
    </ClInclude>
    <ClInclude Include="imgui\Headers\stb_truetype.h">
      <Filter>Header Files</Filter>
    </ClInclude>
    <ClInclude Include="Main\Logger\Headers\startlogger.h">
      <Filter>Header Files</Filter>
    </ClInclude>
    <ClInclude Include="Main\pregui\Headers\startup.h">
      <Filter>Header Files</Filter>
    </ClInclude>
  </ItemGroup>
  <ItemGroup>
    <None Include="imgui\README.md" />
    <None Include="exceptions\EGoals.md" />
    <None Include="IO\README.md" />
    <None Include="Externalinfo\IO\README.md" />
    <None Include="Externalinfo\EGoals.md" />
  </ItemGroup>
</Project>